
Microsoft Visual Studio Solution File, Format Version 12.00
# Visual Studio Version 16
VisualStudioVersion = 16.0.33214.272
MinimumVisualStudioVersion = 10.0.40219.1
Project("{9A19103F-16F7-4668-BE54-9A1E7A4F7556}") = "DesafioPOO", "DesafioPOO.csproj", "{080ADD8D-1A5F-43A8-AC54-BF6FBA7318D9}"
EndProject
Global
	GlobalSection(SolutionConfigurationPlatforms) = preSolution
		Debug|Any CPU = Debug|Any CPU
		Release|Any CPU = Release|Any CPU
	EndGlobalSection
	GlobalSection(ProjectConfigurationPlatforms) = postSolution
		{080ADD8D-1A5F-43A8-AC54-BF6FBA7318D9}.Debug|Any CPU.ActiveCfg = Debug|Any CPU
		{080ADD8D-1A5F-43A8-AC54-BF6FBA7318D9}.Debug|Any CPU.Build.0 = Debug|Any CPU
		{080ADD8D-1A5F-43A8-AC54-BF6FBA7318D9}.Release|Any CPU.ActiveCfg = Release|Any CPU
		{080ADD8D-1A5F-43A8-AC54-BF6FBA7318D9}.Release|Any CPU.Build.0 = Release|Any CPU
	EndGlobalSection
	GlobalSection(SolutionProperties) = preSolution
		HideSolutionNode = FALSE
	EndGlobalSection
	GlobalSection(ExtensibilityGlobals) = postSolution
		SolutionGuid = {116AA0D1-84CF-4F63-BB17-B38E13F38C23}
	EndGlobalSection
EndGlobal
